
Microsoft Visual Studio Solution File, Format Version 12.00
# Visual Studio 15
VisualStudioVersion = 15.0.28010.2016
MinimumVisualStudioVersion = 10.0.40219.1
Project("{FAE04EC0-301F-11D3-BF4B-00C04F79EFBC}") = "DBRXFSample.Android", "DBRXFSample\DBRXFSample.Android\DBRXFSample.Android.csproj", "{C7B00DF9-6277-4D27-8325-3AC2C6E155DC}"
EndProject
Project("{FAE04EC0-301F-11D3-BF4B-00C04F79EFBC}") = "DBRXFSample.iOS", "DBRXFSample\DBRXFSample.iOS\DBRXFSample.iOS.csproj", "{1BC07BFF-55F4-4509-9205-7778D7F4F94C}"
EndProject
Project("{FAE04EC0-301F-11D3-BF4B-00C04F79EFBC}") = "DBRXFSample", "DBRXFSample\DBRXFSample\DBRXFSample.csproj", "{2886F9AC-55F6-422B-A1E0-F169178548A6}"
EndProject
Global
	GlobalSection(SolutionConfigurationPlatforms) = preSolution
		Ad-Hoc|Any CPU = Ad-Hoc|Any CPU
		Ad-Hoc|iPhone = Ad-Hoc|iPhone
		Ad-Hoc|iPhoneSimulator = Ad-Hoc|iPhoneSimulator
		AppStore|Any CPU = AppStore|Any CPU
		AppStore|iPhone = AppStore|iPhone
		AppStore|iPhoneSimulator = AppStore|iPhoneSimulator
		Debug|Any CPU = Debug|Any CPU
		Debug|iPhone = Debug|iPhone
		Debug|iPhoneSimulator = Debug|iPhoneSimulator
		Release|Any CPU = Release|Any CPU
		Release|iPhone = Release|iPhone
		Release|iPhoneSimulator = Release|iPhoneSimulator
	EndGlobalSection
	GlobalSection(ProjectConfigurationPlatforms) = postSolution
		{C7B00DF9-6277-4D27-8325-3AC2C6E155DC}.Ad-Hoc|Any CPU.ActiveCfg = Release|Any CPU
		{C7B00DF9-6277-4D27-8325-3AC2C6E155DC}.Ad-Hoc|Any CPU.Build.0 = Release|Any CPU
		{C7B00DF9-6277-4D27-8325-3AC2C6E155DC}.Ad-Hoc|Any CPU.Deploy.0 = Release|Any CPU
		{C7B00DF9-6277-4D27-8325-3AC2C6E155DC}.Ad-Hoc|iPhone.ActiveCfg = Release|Any CPU
		{C7B00DF9-6277-4D27-8325-3AC2C6E155DC}.Ad-Hoc|iPhone.Build.0 = Release|Any CPU
		{C7B00DF9-6277-4D27-8325-3AC2C6E155DC}.Ad-Hoc|iPhone.Deploy.0 = Release|Any CPU
		{C7B00DF9-6277-4D27-8325-3AC2C6E155DC}.Ad-Hoc|iPhoneSimulator.ActiveCfg = Release|Any CPU
		{C7B00DF9-6277-4D27-8325-3AC2C6E155DC}.Ad-Hoc|iPhoneSimulator.Build.0 = Release|Any CPU
		{C7B00DF9-6277-4D27-8325-3AC2C6E155DC}.Ad-Hoc|iPhoneSimulator.Deploy.0 = Release|Any CPU
		{C7B00DF9-6277-4D27-8325-3AC2C6E155DC}.AppStore|Any CPU.ActiveCfg = Release|Any CPU
		{C7B00DF9-6277-4D27-8325-3AC2C6E155DC}.AppStore|Any CPU.Build.0 = Release|Any CPU
		{C7B00DF9-6277-4D27-8325-3AC2C6E155DC}.AppStore|Any CPU.Deploy.0 = Release|Any CPU
		{C7B00DF9-6277-4D27-8325-3AC2C6E155DC}.AppStore|iPhone.ActiveCfg = Release|Any CPU
		{C7B00DF9-6277-4D27-8325-3AC2C6E155DC}.AppStore|iPhone.Build.0 = Release|Any CPU
		{C7B00DF9-6277-4D27-8325-3AC2C6E155DC}.AppStore|iPhone.Deploy.0 = Release|Any CPU
		{C7B00DF9-6277-4D27-8325-3AC2C6E155DC}.AppStore|iPhoneSimulator.ActiveCfg = Release|Any CPU
		{C7B00DF9-6277-4D27-8325-3AC2C6E155DC}.AppStore|iPhoneSimulator.Build.0 = Release|Any CPU
		{C7B00DF9-6277-4D27-8325-3AC2C6E155DC}.AppStore|iPhoneSimulator.Deploy.0 = Release|Any CPU
		{C7B00DF9-6277-4D27-8325-3AC2C6E155DC}.Debug|Any CPU.ActiveCfg = Debug|Any CPU
		{C7B00DF9-6277-4D27-8325-3AC2C6E155DC}.Debug|Any CPU.Build.0 = Debug|Any CPU
		{C7B00DF9-6277-4D27-8325-3AC2C6E155DC}.Debug|Any CPU.Deploy.0 = Debug|Any CPU
		{C7B00DF9-6277-4D27-8325-3AC2C6E155DC}.Debug|iPhone.ActiveCfg = Debug|Any CPU
		{C7B00DF9-6277-4D27-8325-3AC2C6E155DC}.Debug|iPhone.Build.0 = Debug|Any CPU
		{C7B00DF9-6277-4D27-8325-3AC2C6E155DC}.Debug|iPhone.Deploy.0 = Debug|Any CPU
		{C7B00DF9-6277-4D27-8325-3AC2C6E155DC}.Debug|iPhoneSimulator.ActiveCfg = Debug|Any CPU
		{C7B00DF9-6277-4D27-8325-3AC2C6E155DC}.Debug|iPhoneSimulator.Build.0 = Debug|Any CPU
		{C7B00DF9-6277-4D27-8325-3AC2C6E155DC}.Debug|iPhoneSimulator.Deploy.0 = Debug|Any CPU
		{C7B00DF9-6277-4D27-8325-3AC2C6E155DC}.Release|Any CPU.ActiveCfg = Release|Any CPU
		{C7B00DF9-6277-4D27-8325-3AC2C6E155DC}.Release|Any CPU.Build.0 = Release|Any CPU
		{C7B00DF9-6277-4D27-8325-3AC2C6E155DC}.Release|Any CPU.Deploy.0 = Release|Any CPU
		{C7B00DF9-6277-4D27-8325-3AC2C6E155DC}.Release|iPhone.ActiveCfg = Release|Any CPU
		{C7B00DF9-6277-4D27-8325-3AC2C6E155DC}.Release|iPhone.Build.0 = Release|Any CPU
		{C7B00DF9-6277-4D27-8325-3AC2C6E155DC}.Release|iPhone.Deploy.0 = Release|Any CPU
		{C7B00DF9-6277-4D27-8325-3AC2C6E155DC}.Release|iPhoneSimulator.ActiveCfg = Release|Any CPU
		{C7B00DF9-6277-4D27-8325-3AC2C6E155DC}.Release|iPhoneSimulator.Build.0 = Release|Any CPU
		{C7B00DF9-6277-4D27-8325-3AC2C6E155DC}.Release|iPhoneSimulator.Deploy.0 = Release|Any CPU
		{1BC07BFF-55F4-4509-9205-7778D7F4F94C}.Ad-Hoc|Any CPU.ActiveCfg = Ad-Hoc|iPhone
		{1BC07BFF-55F4-4509-9205-7778D7F4F94C}.Ad-Hoc|Any CPU.Build.0 = Ad-Hoc|iPhone
		{1BC07BFF-55F4-4509-9205-7778D7F4F94C}.Ad-Hoc|Any CPU.Deploy.0 = Ad-Hoc|iPhone
		{1BC07BFF-55F4-4509-9205-7778D7F4F94C}.Ad-Hoc|iPhone.ActiveCfg = Ad-Hoc|iPhone
		{1BC07BFF-55F4-4509-9205-7778D7F4F94C}.Ad-Hoc|iPhone.Build.0 = Ad-Hoc|iPhone
		{1BC07BFF-55F4-4509-9205-7778D7F4F94C}.Ad-Hoc|iPhone.Deploy.0 = Ad-Hoc|iPhone
		{1BC07BFF-55F4-4509-9205-7778D7F4F94C}.Ad-Hoc|iPhoneSimulator.ActiveCfg = Ad-Hoc|iPhoneSimulator
		{1BC07BFF-55F4-4509-9205-7778D7F4F94C}.Ad-Hoc|iPhoneSimulator.Build.0 = Ad-Hoc|iPhoneSimulator
		{1BC07BFF-55F4-4509-9205-7778D7F4F94C}.Ad-Hoc|iPhoneSimulator.Deploy.0 = Ad-Hoc|iPhoneSimulator
		{1BC07BFF-55F4-4509-9205-7778D7F4F94C}.AppStore|Any CPU.ActiveCfg = AppStore|iPhone
		{1BC07BFF-55F4-4509-9205-7778D7F4F94C}.AppStore|Any CPU.Build.0 = AppStore|iPhone
		{1BC07BFF-55F4-4509-9205-7778D7F4F94C}.AppStore|Any CPU.Deploy.0 = AppStore|iPhone
		{1BC07BFF-55F4-4509-9205-7778D7F4F94C}.AppStore|iPhone.ActiveCfg = AppStore|iPhone
		{1BC07BFF-55F4-4509-9205-7778D7F4F94C}.AppStore|iPhone.Build.0 = AppStore|iPhone
		{1BC07BFF-55F4-4509-9205-7778D7F4F94C}.AppStore|iPhone.Deploy.0 = AppStore|iPhone
		{1BC07BFF-55F4-4509-9205-7778D7F4F94C}.AppStore|iPhoneSimulator.ActiveCfg = AppStore|iPhoneSimulator
		{1BC07BFF-55F4-4509-9205-7778D7F4F94C}.AppStore|iPhoneSimulator.Build.0 = AppStore|iPhoneSimulator
		{1BC07BFF-55F4-4509-9205-7778D7F4F94C}.AppStore|iPhoneSimulator.Deploy.0 = AppStore|iPhoneSimulator
		{1BC07BFF-55F4-4509-9205-7778D7F4F94C}.Debug|Any CPU.ActiveCfg = Debug|iPhoneSimulator
		{1BC07BFF-55F4-4509-9205-7778D7F4F94C}.Debug|Any CPU.Build.0 = Debug|iPhoneSimulator
		{1BC07BFF-55F4-4509-9205-7778D7F4F94C}.Debug|Any CPU.Deploy.0 = Debug|iPhoneSimulator
		{1BC07BFF-55F4-4509-9205-7778D7F4F94C}.Debug|iPhone.ActiveCfg = Debug|iPhone
		{1BC07BFF-55F4-4509-9205-7778D7F4F94C}.Debug|iPhone.Build.0 = Debug|iPhone
		{1BC07BFF-55F4-4509-9205-7778D7F4F94C}.Debug|iPhone.Deploy.0 = Debug|iPhone
		{1BC07BFF-55F4-4509-9205-7778D7F4F94C}.Debug|iPhoneSimulator.ActiveCfg = Debug|iPhoneSimulator
		{1BC07BFF-55F4-4509-9205-7778D7F4F94C}.Debug|iPhoneSimulator.Build.0 = Debug|iPhoneSimulator
		{1BC07BFF-55F4-4509-9205-7778D7F4F94C}.Debug|iPhoneSimulator.Deploy.0 = Debug|iPhoneSimulator
		{1BC07BFF-55F4-4509-9205-7778D7F4F94C}.Release|Any CPU.ActiveCfg = Release|iPhone
		{1BC07BFF-55F4-4509-9205-7778D7F4F94C}.Release|Any CPU.Build.0 = Release|iPhone
		{1BC07BFF-55F4-4509-9205-7778D7F4F94C}.Release|Any CPU.Deploy.0 = Release|iPhone
		{1BC07BFF-55F4-4509-9205-7778D7F4F94C}.Release|iPhone.ActiveCfg = Release|iPhone
		{1BC07BFF-55F4-4509-9205-7778D7F4F94C}.Release|iPhone.Build.0 = Release|iPhone
		{1BC07BFF-55F4-4509-9205-7778D7F4F94C}.Release|iPhone.Deploy.0 = Release|iPhone
		{1BC07BFF-55F4-4509-9205-7778D7F4F94C}.Release|iPhoneSimulator.ActiveCfg = Release|iPhoneSimulator
		{1BC07BFF-55F4-4509-9205-7778D7F4F94C}.Release|iPhoneSimulator.Build.0 = Release|iPhoneSimulator
		{1BC07BFF-55F4-4509-9205-7778D7F4F94C}.Release|iPhoneSimulator.Deploy.0 = Release|iPhoneSimulator
		{2886F9AC-55F6-422B-A1E0-F169178548A6}.Ad-Hoc|Any CPU.ActiveCfg = Debug|Any CPU
		{2886F9AC-55F6-422B-A1E0-F169178548A6}.Ad-Hoc|Any CPU.Build.0 = Debug|Any CPU
		{2886F9AC-55F6-422B-A1E0-F169178548A6}.Ad-Hoc|Any CPU.Deploy.0 = Debug|Any CPU
		{2886F9AC-55F6-422B-A1E0-F169178548A6}.Ad-Hoc|iPhone.ActiveCfg = Debug|Any CPU
		{2886F9AC-55F6-422B-A1E0-F169178548A6}.Ad-Hoc|iPhone.Build.0 = Debug|Any CPU
		{2886F9AC-55F6-422B-A1E0-F169178548A6}.Ad-Hoc|iPhone.Deploy.0 = Debug|Any CPU
		{2886F9AC-55F6-422B-A1E0-F169178548A6}.Ad-Hoc|iPhoneSimulator.ActiveCfg = Debug|Any CPU
		{2886F9AC-55F6-422B-A1E0-F169178548A6}.Ad-Hoc|iPhoneSimulator.Build.0 = Debug|Any CPU
		{2886F9AC-55F6-422B-A1E0-F169178548A6}.Ad-Hoc|iPhoneSimulator.Deploy.0 = Debug|Any CPU
		{2886F9AC-55F6-422B-A1E0-F169178548A6}.AppStore|Any CPU.ActiveCfg = Debug|Any CPU
		{2886F9AC-55F6-422B-A1E0-F169178548A6}.AppStore|Any CPU.Build.0 = Debug|Any CPU
		{2886F9AC-55F6-422B-A1E0-F169178548A6}.AppStore|Any CPU.Deploy.0 = Debug|Any CPU
		{2886F9AC-55F6-422B-A1E0-F169178548A6}.AppStore|iPhone.ActiveCfg = Debug|Any CPU
		{2886F9AC-55F6-422B-A1E0-F169178548A6}.AppStore|iPhone.Build.0 = Debug|Any CPU
		{2886F9AC-55F6-422B-A1E0-F169178548A6}.AppStore|iPhone.Deploy.0 = Debug|Any CPU
		{2886F9AC-55F6-422B-A1E0-F169178548A6}.AppStore|iPhoneSimulator.ActiveCfg = Debug|Any CPU
		{2886F9AC-55F6-422B-A1E0-F169178548A6}.AppStore|iPhoneSimulator.Build.0 = Debug|Any CPU
		{2886F9AC-55F6-422B-A1E0-F169178548A6}.AppStore|iPhoneSimulator.Deploy.0 = Debug|Any CPU
		{2886F9AC-55F6-422B-A1E0-F169178548A6}.Debug|Any CPU.ActiveCfg = Debug|Any CPU
		{2886F9AC-55F6-422B-A1E0-F169178548A6}.Debug|Any CPU.Build.0 = Debug|Any CPU
		{2886F9AC-55F6-422B-A1E0-F169178548A6}.Debug|Any CPU.Deploy.0 = Debug|Any CPU
		{2886F9AC-55F6-422B-A1E0-F169178548A6}.Debug|iPhone.ActiveCfg = Debug|Any CPU
		{2886F9AC-55F6-422B-A1E0-F169178548A6}.Debug|iPhone.Build.0 = Debug|Any CPU
		{2886F9AC-55F6-422B-A1E0-F169178548A6}.Debug|iPhone.Deploy.0 = Debug|Any CPU
		{2886F9AC-55F6-422B-A1E0-F169178548A6}.Debug|iPhoneSimulator.ActiveCfg = Debug|Any CPU
		{2886F9AC-55F6-422B-A1E0-F169178548A6}.Debug|iPhoneSimulator.Build.0 = Debug|Any CPU
		{2886F9AC-55F6-422B-A1E0-F169178548A6}.Debug|iPhoneSimulator.Deploy.0 = Debug|Any CPU
		{2886F9AC-55F6-422B-A1E0-F169178548A6}.Release|Any CPU.ActiveCfg = Release|Any CPU
		{2886F9AC-55F6-422B-A1E0-F169178548A6}.Release|Any CPU.Build.0 = Release|Any CPU
		{2886F9AC-55F6-422B-A1E0-F169178548A6}.Release|Any CPU.Deploy.0 = Release|Any CPU
		{2886F9AC-55F6-422B-A1E0-F169178548A6}.Release|iPhone.ActiveCfg = Release|Any CPU
		{2886F9AC-55F6-422B-A1E0-F169178548A6}.Release|iPhone.Build.0 = Release|Any CPU
		{2886F9AC-55F6-422B-A1E0-F169178548A6}.Release|iPhone.Deploy.0 = Release|Any CPU
		{2886F9AC-55F6-422B-A1E0-F169178548A6}.Release|iPhoneSimulator.ActiveCfg = Release|Any CPU
		{2886F9AC-55F6-422B-A1E0-F169178548A6}.Release|iPhoneSimulator.Build.0 = Release|Any CPU
		{2886F9AC-55F6-422B-A1E0-F169178548A6}.Release|iPhoneSimulator.Deploy.0 = Release|Any CPU
	EndGlobalSection
	GlobalSection(SolutionProperties) = preSolution
		HideSolutionNode = FALSE
	EndGlobalSection
	GlobalSection(ExtensibilityGlobals) = postSolution
		SolutionGuid = {52B22096-170D-4D05-A27A-CFAEF8E95CA6}
	EndGlobalSection
EndGlobal
